
Microsoft Visual Studio Solution File, Format Version 12.00
Project("{FAE04EC0-301F-11D3-BF4B-00C04F79EFBC}") = "Api", "Api\Api.csproj", "{3AA76CB6-E22E-45D2-AA9C-78199DCD2D26}"
EndProject
Project("{2150E333-8FDC-42A3-9474-1A3956D46DE8}") = "Core", "Core", "{A5F3820A-F2C9-4065-ADE9-5D1FD35C421B}"
EndProject
Project("{2150E333-8FDC-42A3-9474-1A3956D46DE8}") = "Infrastructure", "Infrastructure", "{63FFEF27-DB85-4312-B982-6DD4A9E07350}"
EndProject
Project("{2150E333-8FDC-42A3-9474-1A3956D46DE8}") = "Presentation", "Presentation", "{3E433524-B28F-4FDD-A6DB-3FE5EB1E7AFE}"
EndProject
Project("{FAE04EC0-301F-11D3-BF4B-00C04F79EFBC}") = "Domain", "Domain\Domain.csproj", "{F3CF40C9-D351-4A19-93AB-5379E5C957F8}"
EndProject
Project("{FAE04EC0-301F-11D3-BF4B-00C04F79EFBC}") = "Application", "Application\Application.csproj", "{9A9E8419-0D95-4289-8E35-0380DB6292D8}"
EndProject
Global
	GlobalSection(SolutionConfigurationPlatforms) = preSolution
		Debug|Any CPU = Debug|Any CPU
		Release|Any CPU = Release|Any CPU
	EndGlobalSection
	GlobalSection(ProjectConfigurationPlatforms) = postSolution
		{3AA76CB6-E22E-45D2-AA9C-78199DCD2D26}.Debug|Any CPU.ActiveCfg = Debug|Any CPU
		{3AA76CB6-E22E-45D2-AA9C-78199DCD2D26}.Debug|Any CPU.Build.0 = Debug|Any CPU
		{3AA76CB6-E22E-45D2-AA9C-78199DCD2D26}.Release|Any CPU.ActiveCfg = Release|Any CPU
		{3AA76CB6-E22E-45D2-AA9C-78199DCD2D26}.Release|Any CPU.Build.0 = Release|Any CPU
		{F3CF40C9-D351-4A19-93AB-5379E5C957F8}.Debug|Any CPU.ActiveCfg = Debug|Any CPU
		{F3CF40C9-D351-4A19-93AB-5379E5C957F8}.Debug|Any CPU.Build.0 = Debug|Any CPU
		{F3CF40C9-D351-4A19-93AB-5379E5C957F8}.Release|Any CPU.ActiveCfg = Release|Any CPU
		{F3CF40C9-D351-4A19-93AB-5379E5C957F8}.Release|Any CPU.Build.0 = Release|Any CPU
		{9A9E8419-0D95-4289-8E35-0380DB6292D8}.Debug|Any CPU.ActiveCfg = Debug|Any CPU
		{9A9E8419-0D95-4289-8E35-0380DB6292D8}.Debug|Any CPU.Build.0 = Debug|Any CPU
		{9A9E8419-0D95-4289-8E35-0380DB6292D8}.Release|Any CPU.ActiveCfg = Release|Any CPU
		{9A9E8419-0D95-4289-8E35-0380DB6292D8}.Release|Any CPU.Build.0 = Release|Any CPU
	EndGlobalSection
	GlobalSection(NestedProjects) = preSolution
		{F3CF40C9-D351-4A19-93AB-5379E5C957F8} = {A5F3820A-F2C9-4065-ADE9-5D1FD35C421B}
		{9A9E8419-0D95-4289-8E35-0380DB6292D8} = {A5F3820A-F2C9-4065-ADE9-5D1FD35C421B}
		{3AA76CB6-E22E-45D2-AA9C-78199DCD2D26} = {3E433524-B28F-4FDD-A6DB-3FE5EB1E7AFE}
	EndGlobalSection
EndGlobal
